
Microsoft Visual Studio Solution File, Format Version 12.00
# Visual Studio Version 17
VisualStudioVersion = 17.14.36518.9 d17.14
MinimumVisualStudioVersion = 10.0.40219.1
Project("{FAE04EC0-301F-11D3-BF4B-00C04F79EFBC}") = "CoilTrainingUI", "CoilTrainingUI\CoilTrainingUI.csproj", "{3A3DF8C9-4B76-445D-B9E3-7B7CA2EDE8AB}"
EndProject
Global
	GlobalSection(SolutionConfigurationPlatforms) = preSolution
		Debug|Any CPU = Debug|Any CPU
		Release|Any CPU = Release|Any CPU
	EndGlobalSection
	GlobalSection(ProjectConfigurationPlatforms) = postSolution
		{3A3DF8C9-4B76-445D-B9E3-7B7CA2EDE8AB}.Debug|Any CPU.ActiveCfg = Debug|Any CPU
		{3A3DF8C9-4B76-445D-B9E3-7B7CA2EDE8AB}.Debug|Any CPU.Build.0 = Debug|Any CPU
		{3A3DF8C9-4B76-445D-B9E3-7B7CA2EDE8AB}.Release|Any CPU.ActiveCfg = Release|Any CPU
		{3A3DF8C9-4B76-445D-B9E3-7B7CA2EDE8AB}.Release|Any CPU.Build.0 = Release|Any CPU
	EndGlobalSection
	GlobalSection(SolutionProperties) = preSolution
		HideSolutionNode = FALSE
	EndGlobalSection
	GlobalSection(ExtensibilityGlobals) = postSolution
		SolutionGuid = {4768251F-BB0F-4EAA-9A59-28521D582F7D}
	EndGlobalSection
EndGlobal
